<?xml version="1.0" encoding="utf-8"?>
<Project ToolsVersion="4.0" xmlns="http://schemas.microsoft.com/developer/msbuild/2003">
  <ItemGroup>
    <ClCompile Include="src\ofApp.cpp">
      <Filter>src</Filter>
    </ClCompile>
    <ClCompile Include="src\main.cpp">
      <Filter>src</Filter>
    </ClCompile>
    <ClCompile Include="src\seam\editor.cpp">
      <Filter>src\seam</Filter>
    </ClCompile>
    <ClCompile Include="src\seam\factory.cpp">
      <Filter>src\seam</Filter>
    </ClCompile>
    <ClCompile Include="src\seam\imgui-utils\properties.cpp">
      <Filter>src\seam\imgui-utils</Filter>
    </ClCompile>
    <ClCompile Include="src\seam\shader-utils.cpp">
      <Filter>src\seam</Filter>
    </ClCompile>
    <ClCompile Include="src\seam\nodes\texgen-perlin.cpp">
      <Filter>src\seam\nodes</Filter>
    </ClCompile>
    <ClCompile Include="src\seam\nodes\cos.cpp">
      <Filter>src\seam\nodes</Filter>
    </ClCompile>
    <ClCompile Include="src\seam\nodes\i-node.cpp">
      <Filter>src\seam\nodes</Filter>
    </ClCompile>
    <ClCompile Include="src\seam\nodes\shader.cpp">
      <Filter>src\seam\nodes</Filter>
    </ClCompile>
    <ClCompile Include="src\seam\pins\push.cpp">
      <Filter>src\seam\pins</Filter>
    </ClCompile>
    <ClCompile Include="src\seam\pins\pin.cpp">
      <Filter>src\seam\pins</Filter>
    </ClCompile>
    <ClCompile Include="src\seam\nodes\midi-in.cpp">
      <Filter>src\seam\nodes</Filter>
    </ClCompile>
    <ClCompile Include="src\seam\nodes\notes-printer.cpp">
      <Filter>src\seam\nodes</Filter>
    </ClCompile>
    <ClCompile Include="src\seam\nodes\timer.cpp">
      <Filter>src\seam\nodes</Filter>
    </ClCompile>
    <ClCompile Include="src\seam\nodes\force-grid.cpp">
      <Filter>src\seam\nodes</Filter>
    </ClCompile>
    <ClCompile Include="src\seam\nodes\compute-particles.cpp">
      <Filter>src\seam\nodes</Filter>
    </ClCompile>
    <ClCompile Include="src\seam\nodes\percussive-trigger.cpp">
      <Filter>src\seam\nodes</Filter>
    </ClCompile>
    <ClCompile Include="src\seam\nodes\add-store.cpp">
      <Filter>src\seam\nodes</Filter>
    </ClCompile>
    <ClCompile Include="src\seam\nodes\range.cpp">
      <Filter>src\seam\nodes</Filter>
    </ClCompile>
    <ClCompile Include="..\..\..\addons\ofxImGui-1.75\src\BaseEngine.cpp">
      <Filter>addons\ofxImGui-1.75\src</Filter>
    </ClCompile>
    <ClCompile Include="..\..\..\addons\ofxImGui-1.75\src\DefaultTheme.cpp">
      <Filter>addons\ofxImGui-1.75\src</Filter>
    </ClCompile>
    <ClCompile Include="..\..\..\addons\ofxImGui-1.75\src\EngineGLFW.cpp">
      <Filter>addons\ofxImGui-1.75\src</Filter>
    </ClCompile>
    <ClCompile Include="..\..\..\addons\ofxImGui-1.75\src\EngineOpenGLES.cpp">
      <Filter>addons\ofxImGui-1.75\src</Filter>
    </ClCompile>
    <ClCompile Include="..\..\..\addons\ofxImGui-1.75\src\EngineVk.cpp">
      <Filter>addons\ofxImGui-1.75\src</Filter>
    </ClCompile>
    <ClCompile Include="..\..\..\addons\ofxImGui-1.75\src\Gui.cpp">
      <Filter>addons\ofxImGui-1.75\src</Filter>
    </ClCompile>
    <ClCompile Include="..\..\..\addons\ofxImGui-1.75\src\Helpers.cpp">
      <Filter>addons\ofxImGui-1.75\src</Filter>
    </ClCompile>
    <ClCompile Include="..\..\..\addons\ofxImGui-1.75\src\ofxImGuiLoggerChannel.cpp">
      <Filter>addons\ofxImGui-1.75\src</Filter>
    </ClCompile>
    <ClCompile Include="..\..\..\addons\ofxImGui-1.75\libs\imgui\src\crude_json.cpp">
      <Filter>addons\ofxImGui-1.75\libs\imgui\src</Filter>
    </ClCompile>
    <ClCompile Include="..\..\..\addons\ofxImGui-1.75\libs\imgui\src\imgui.cpp">
      <Filter>addons\ofxImGui-1.75\libs\imgui\src</Filter>
    </ClCompile>
    <ClCompile Include="..\..\..\addons\ofxImGui-1.75\libs\imgui\src\imgui_canvas.cpp">
      <Filter>addons\ofxImGui-1.75\libs\imgui\src</Filter>
    </ClCompile>
    <ClCompile Include="..\..\..\addons\ofxImGui-1.75\libs\imgui\src\imgui_demo.cpp">
      <Filter>addons\ofxImGui-1.75\libs\imgui\src</Filter>
    </ClCompile>
    <ClCompile Include="..\..\..\addons\ofxImGui-1.75\libs\imgui\src\imgui_draw.cpp">
      <Filter>addons\ofxImGui-1.75\libs\imgui\src</Filter>
    </ClCompile>
    <ClCompile Include="..\..\..\addons\ofxImGui-1.75\libs\imgui\src\imgui_node_editor.cpp">
      <Filter>addons\ofxImGui-1.75\libs\imgui\src</Filter>
    </ClCompile>
    <ClCompile Include="..\..\..\addons\ofxImGui-1.75\libs\imgui\src\imgui_node_editor_api.cpp">
      <Filter>addons\ofxImGui-1.75\libs\imgui\src</Filter>
    </ClCompile>
    <ClCompile Include="..\..\..\addons\ofxImGui-1.75\libs\imgui\src\imgui_tables.cpp">
      <Filter>addons\ofxImGui-1.75\libs\imgui\src</Filter>
    </ClCompile>
    <ClCompile Include="..\..\..\addons\ofxImGui-1.75\libs\imgui\src\imgui_widgets.cpp">
      <Filter>addons\ofxImGui-1.75\libs\imgui\src</Filter>
    </ClCompile>
    <ClCompile Include="..\..\..\addons\ofxImGui-1.75\libs\imgui\src\blueprints\builders.cpp">
      <Filter>addons\ofxImGui-1.75\libs\imgui\src\blueprints</Filter>
    </ClCompile>
    <ClCompile Include="..\..\..\addons\ofxImGui-1.75\libs\imgui\src\blueprints\drawing.cpp">
      <Filter>addons\ofxImGui-1.75\libs\imgui\src\blueprints</Filter>
    </ClCompile>
    <ClCompile Include="..\..\..\addons\ofxImGui-1.75\libs\imgui\src\blueprints\widgets.cpp">
      <Filter>addons\ofxImGui-1.75\libs\imgui\src\blueprints</Filter>
    </ClCompile>
    <ClCompile Include="..\..\..\addons\ofxMidi\src\ofxBaseMidi.cpp">
      <Filter>addons\ofxMidi\src</Filter>
    </ClCompile>
    <ClCompile Include="..\..\..\addons\ofxMidi\src\ofxMidi.cpp">
      <Filter>addons\ofxMidi\src</Filter>
    </ClCompile>
    <ClCompile Include="..\..\..\addons\ofxMidi\src\ofxMidiClock.cpp">
      <Filter>addons\ofxMidi\src</Filter>
    </ClCompile>
    <ClCompile Include="..\..\..\addons\ofxMidi\src\ofxMidiIn.cpp">
      <Filter>addons\ofxMidi\src</Filter>
    </ClCompile>
    <ClCompile Include="..\..\..\addons\ofxMidi\src\ofxMidiMessage.cpp">
      <Filter>addons\ofxMidi\src</Filter>
    </ClCompile>
    <ClCompile Include="..\..\..\addons\ofxMidi\src\ofxMidiOut.cpp">
      <Filter>addons\ofxMidi\src</Filter>
    </ClCompile>
    <ClCompile Include="..\..\..\addons\ofxMidi\src\ofxMidiTimecode.cpp">
      <Filter>addons\ofxMidi\src</Filter>
    </ClCompile>
    <ClCompile Include="..\..\..\addons\ofxMidi\src\desktop\ofxRtMidiIn.cpp">
      <Filter>addons\ofxMidi\src\desktop</Filter>
    </ClCompile>
    <ClCompile Include="..\..\..\addons\ofxMidi\src\desktop\ofxRtMidiOut.cpp">
      <Filter>addons\ofxMidi\src\desktop</Filter>
    </ClCompile>
    <ClCompile Include="..\..\..\addons\ofxMidi\libs\rtmidi\RtMidi.cpp">
      <Filter>addons\ofxMidi\libs\rtmidi</Filter>
    </ClCompile>
    <ClCompile Include="schema\codegen\node-graph.capnp.c++">
      <Filter>src\schema\codegen</Filter>
    </ClCompile>
    <ClCompile Include="src\seam\nodes\fireflies.cpp">
      <Filter>src\seam\nodes</Filter>
    </ClCompile>
    <ClCompile Include="src\seam\nodes\feedback.cpp">
      <Filter>src\seam\nodes</Filter>
    </ClCompile>
    <ClCompile Include="src\seam\nodes\saw.cpp">
      <Filter>src\seam\nodes</Filter>
    </ClCompile>
    <ClCompile Include="src\seam\nodes\markov.cpp">
      <Filter>src\seam\nodes</Filter>
    </ClCompile>
    <ClCompile Include="src\seam\nodes\gate.cpp">
      <Filter>src\seam\nodes</Filter>
    </ClCompile>
  </ItemGroup>
  <ItemGroup>
    <Filter Include="src">
      <UniqueIdentifier>{d8376475-7454-4a24-b08a-aac121d3ad6f}</UniqueIdentifier>
    </Filter>
    <Filter Include="addons">
      <UniqueIdentifier>{71834F65-F3A9-211E-73B8-DC85}</UniqueIdentifier>
    </Filter>
    <Filter Include="src\seam">
      <UniqueIdentifier>{1080a212-c06c-4508-ad2d-870f9c1e58c2}</UniqueIdentifier>
    </Filter>
    <Filter Include="src\seam\imgui-utils">
      <UniqueIdentifier>{141637d0-e409-4f32-afae-d720a27c2922}</UniqueIdentifier>
    </Filter>
    <Filter Include="src\seam\nodes">
      <UniqueIdentifier>{c80c7f3a-f25f-45f7-a46d-336a7450f72a}</UniqueIdentifier>
    </Filter>
    <Filter Include="src\seam\pins">
      <UniqueIdentifier>{bd724983-3ffa-4efa-9e21-2be50e43a5b0}</UniqueIdentifier>
    </Filter>
    <Filter Include="addons\ofxImGui-1.75">
      <UniqueIdentifier>{3912c408-3106-42b5-b2ca-d2122c4e5f78}</UniqueIdentifier>
    </Filter>
    <Filter Include="addons\ofxImGui-1.75\src">
      <UniqueIdentifier>{24811770-345c-47d5-839b-66bcaa0953e3}</UniqueIdentifier>
    </Filter>
    <Filter Include="addons\ofxImGui-1.75\libs">
      <UniqueIdentifier>{59df7f93-67b2-48de-9cfe-def3c9014e7d}</UniqueIdentifier>
    </Filter>
    <Filter Include="addons\ofxImGui-1.75\libs\imgui">
      <UniqueIdentifier>{fbcdc3c1-5dac-4b4a-802e-31c554610974}</UniqueIdentifier>
    </Filter>
    <Filter Include="addons\ofxImGui-1.75\libs\imgui\src">
      <UniqueIdentifier>{ce2b0f75-1d67-4f4e-a853-701b846c2fca}</UniqueIdentifier>
    </Filter>
    <Filter Include="addons\ofxImGui-1.75\libs\imgui\src\blueprints">
      <UniqueIdentifier>{a98f269c-92a2-4095-af64-dd52a5b7ee12}</UniqueIdentifier>
    </Filter>
    <Filter Include="addons\ofxMidi">
      <UniqueIdentifier>{742ac5e7-54ac-469e-a864-4c160595c6da}</UniqueIdentifier>
    </Filter>
    <Filter Include="addons\ofxMidi\src">
      <UniqueIdentifier>{29194395-db2b-43fc-938c-dca1a2e1a538}</UniqueIdentifier>
    </Filter>
    <Filter Include="addons\ofxMidi\src\desktop">
      <UniqueIdentifier>{2ffa4371-8873-4dd9-8993-7676e6997215}</UniqueIdentifier>
    </Filter>
    <Filter Include="addons\ofxMidi\src\ios">
      <UniqueIdentifier>{c710d345-fb87-462f-968d-027237641b31}</UniqueIdentifier>
    </Filter>
    <Filter Include="addons\ofxMidi\libs">
      <UniqueIdentifier>{217f04a5-339e-453c-9c8b-e13306534db8}</UniqueIdentifier>
    </Filter>
    <Filter Include="addons\ofxMidi\libs\pgmidi">
      <UniqueIdentifier>{e5854578-32cc-4d6a-825d-1112272b0717}</UniqueIdentifier>
    </Filter>
    <Filter Include="addons\ofxMidi\libs\rtmidi">
      <UniqueIdentifier>{b088fb47-2c32-40f3-bfdc-e3b84b0862e6}</UniqueIdentifier>
    </Filter>
    <Filter Include="src\schema">
      <UniqueIdentifier>{34dfdc97-8147-43f6-9989-deedfd7700ab}</UniqueIdentifier>
    </Filter>
    <Filter Include="src\schema\codegen">
      <UniqueIdentifier>{52326718-2c9a-4f37-a2ce-9af530ae0b80}</UniqueIdentifier>
    </Filter>
    <Filter Include="src\seam\containers">
      <UniqueIdentifier>{d06a70e7-e7ee-4e9f-b4a3-4d3655c47f3a}</UniqueIdentifier>
    </Filter>
  </ItemGroup>
  <ItemGroup>
    <ClInclude Include="src\ofApp.h">
      <Filter>src</Filter>
    </ClInclude>
    <ClInclude Include="src\seam\notes.h">
      <Filter>src\seam</Filter>
    </ClInclude>
    <ClInclude Include="src\seam\editor.h">
      <Filter>src\seam</Filter>
    </ClInclude>
    <ClInclude Include="src\seam\factory.h">
      <Filter>src\seam</Filter>
    </ClInclude>
    <ClInclude Include="src\seam\hash.h">
      <Filter>src\seam</Filter>
    </ClInclude>
    <ClInclude Include="src\seam\imgui-utils\properties.h">
      <Filter>src\seam\imgui-utils</Filter>
    </ClInclude>
    <ClInclude Include="src\seam\shader-utils.h">
      <Filter>src\seam</Filter>
    </ClInclude>
    <ClInclude Include="src\seam\nodes\texgen-perlin.h">
      <Filter>src\seam\nodes</Filter>
    </ClInclude>
    <ClInclude Include="src\seam\nodes\cos.h">
      <Filter>src\seam\nodes</Filter>
    </ClInclude>
    <ClInclude Include="src\seam\nodes\i-node.h">
      <Filter>src\seam\nodes</Filter>
    </ClInclude>
    <ClInclude Include="src\seam\nodes\shader.h">
      <Filter>src\seam\nodes</Filter>
    </ClInclude>
    <ClInclude Include="src\seam\pins\push.h">
      <Filter>src\seam\pins</Filter>
    </ClInclude>
    <ClInclude Include="src\seam\pins\pin.h">
      <Filter>src\seam\pins</Filter>
    </ClInclude>
    <ClInclude Include="src\seam\pins\pin-flow.h">
      <Filter>src\seam\pins</Filter>
    </ClInclude>
    <ClInclude Include="src\seam\pins\pin-float.h">
      <Filter>src\seam\pins</Filter>
    </ClInclude>
    <ClInclude Include="src\seam\pins\pin-int.h">
      <Filter>src\seam\pins</Filter>
    </ClInclude>
    <ClInclude Include="src\seam\frame-pool.h">
      <Filter>src\seam</Filter>
    </ClInclude>
    <ClInclude Include="src\seam\pins\pin-note-event.h">
      <Filter>src\seam\pins</Filter>
    </ClInclude>
    <ClInclude Include="src\seam\ring-buffer.h">
      <Filter>src\seam</Filter>
    </ClInclude>
    <ClInclude Include="src\seam\nodes\midi-in.h">
      <Filter>src\seam\nodes</Filter>
    </ClInclude>
    <ClInclude Include="src\seam\flags-helper.h">
      <Filter>src\seam</Filter>
    </ClInclude>
    <ClInclude Include="src\seam\nodes\notes-printer.h">
      <Filter>src\seam\nodes</Filter>
    </ClInclude>
    <ClInclude Include="src\seam\nodes\timer.h">
      <Filter>src\seam\nodes</Filter>
    </ClInclude>
    <ClInclude Include="src\seam\nodes\force-grid.h">
      <Filter>src\seam\nodes</Filter>
    </ClInclude>
    <ClInclude Include="src\seam\nodes\compute-particles.h">
      <Filter>src\seam\nodes</Filter>
    </ClInclude>
    <ClInclude Include="src\seam\nodes\percussive-trigger.h">
      <Filter>src\seam\nodes</Filter>
    </ClInclude>
    <ClInclude Include="src\seam\nodes\add-store.h">
      <Filter>src\seam\nodes</Filter>
    </ClInclude>
    <ClInclude Include="src\seam\nodes\range.h">
      <Filter>src\seam\nodes</Filter>
    </ClInclude>
    <ClInclude Include="..\..\..\addons\ofxImGui-1.75\src\BaseEngine.h">
      <Filter>addons\ofxImGui-1.75\src</Filter>
    </ClInclude>
    <ClInclude Include="..\..\..\addons\ofxImGui-1.75\src\BaseTheme.h">
      <Filter>addons\ofxImGui-1.75\src</Filter>
    </ClInclude>
    <ClInclude Include="..\..\..\addons\ofxImGui-1.75\src\DefaultTheme.h">
      <Filter>addons\ofxImGui-1.75\src</Filter>
    </ClInclude>
    <ClInclude Include="..\..\..\addons\ofxImGui-1.75\src\EngineGLFW.h">
      <Filter>addons\ofxImGui-1.75\src</Filter>
    </ClInclude>
    <ClInclude Include="..\..\..\addons\ofxImGui-1.75\src\EngineOpenGLES.h">
      <Filter>addons\ofxImGui-1.75\src</Filter>
    </ClInclude>
    <ClInclude Include="..\..\..\addons\ofxImGui-1.75\src\EngineVk.h">
      <Filter>addons\ofxImGui-1.75\src</Filter>
    </ClInclude>
    <ClInclude Include="..\..\..\addons\ofxImGui-1.75\src\Gui.h">
      <Filter>addons\ofxImGui-1.75\src</Filter>
    </ClInclude>
    <ClInclude Include="..\..\..\addons\ofxImGui-1.75\src\Helpers.h">
      <Filter>addons\ofxImGui-1.75\src</Filter>
    </ClInclude>
    <ClInclude Include="..\..\..\addons\ofxImGui-1.75\src\imconfig.h">
      <Filter>addons\ofxImGui-1.75\src</Filter>
    </ClInclude>
    <ClInclude Include="..\..\..\addons\ofxImGui-1.75\src\ofxImGui.h">
      <Filter>addons\ofxImGui-1.75\src</Filter>
    </ClInclude>
    <ClInclude Include="..\..\..\addons\ofxImGui-1.75\src\ofxImGuiLoggerChannel.h">
      <Filter>addons\ofxImGui-1.75\src</Filter>
    </ClInclude>
    <ClInclude Include="..\..\..\addons\ofxImGui-1.75\libs\imgui\src\crude_json.h">
      <Filter>addons\ofxImGui-1.75\libs\imgui\src</Filter>
    </ClInclude>
    <ClInclude Include="..\..\..\addons\ofxImGui-1.75\libs\imgui\src\imgui.h">
      <Filter>addons\ofxImGui-1.75\libs\imgui\src</Filter>
    </ClInclude>
    <ClInclude Include="..\..\..\addons\ofxImGui-1.75\libs\imgui\src\imgui_bezier_math.h">
      <Filter>addons\ofxImGui-1.75\libs\imgui\src</Filter>
    </ClInclude>
    <ClInclude Include="..\..\..\addons\ofxImGui-1.75\libs\imgui\src\imgui_canvas.h">
      <Filter>addons\ofxImGui-1.75\libs\imgui\src</Filter>
    </ClInclude>
    <ClInclude Include="..\..\..\addons\ofxImGui-1.75\libs\imgui\src\imgui_extra_math.h">
      <Filter>addons\ofxImGui-1.75\libs\imgui\src</Filter>
    </ClInclude>
    <ClInclude Include="..\..\..\addons\ofxImGui-1.75\libs\imgui\src\imgui_internal.h">
      <Filter>addons\ofxImGui-1.75\libs\imgui\src</Filter>
    </ClInclude>
    <ClInclude Include="..\..\..\addons\ofxImGui-1.75\libs\imgui\src\imgui_node_editor.h">
      <Filter>addons\ofxImGui-1.75\libs\imgui\src</Filter>
    </ClInclude>
    <ClInclude Include="..\..\..\addons\ofxImGui-1.75\libs\imgui\src\imgui_node_editor_internal.h">
      <Filter>addons\ofxImGui-1.75\libs\imgui\src</Filter>
    </ClInclude>
    <ClInclude Include="..\..\..\addons\ofxImGui-1.75\libs\imgui\src\imstb_rectpack.h">
      <Filter>addons\ofxImGui-1.75\libs\imgui\src</Filter>
    </ClInclude>
    <ClInclude Include="..\..\..\addons\ofxImGui-1.75\libs\imgui\src\imstb_textedit.h">
      <Filter>addons\ofxImGui-1.75\libs\imgui\src</Filter>
    </ClInclude>
    <ClInclude Include="..\..\..\addons\ofxImGui-1.75\libs\imgui\src\imstb_truetype.h">
      <Filter>addons\ofxImGui-1.75\libs\imgui\src</Filter>
    </ClInclude>
    <ClInclude Include="..\..\..\addons\ofxImGui-1.75\libs\imgui\src\blueprints\builders.h">
      <Filter>addons\ofxImGui-1.75\libs\imgui\src\blueprints</Filter>
    </ClInclude>
    <ClInclude Include="..\..\..\addons\ofxImGui-1.75\libs\imgui\src\blueprints\drawing.h">
      <Filter>addons\ofxImGui-1.75\libs\imgui\src\blueprints</Filter>
    </ClInclude>
    <ClInclude Include="..\..\..\addons\ofxImGui-1.75\libs\imgui\src\blueprints\widgets.h">
      <Filter>addons\ofxImGui-1.75\libs\imgui\src\blueprints</Filter>
    </ClInclude>
    <ClInclude Include="..\..\..\addons\ofxMidi\src\ofxBaseMidi.h">
      <Filter>addons\ofxMidi\src</Filter>
    </ClInclude>
    <ClInclude Include="..\..\..\addons\ofxMidi\src\ofxMidi.h">
      <Filter>addons\ofxMidi\src</Filter>
    </ClInclude>
    <ClInclude Include="..\..\..\addons\ofxMidi\src\ofxMidiClock.h">
      <Filter>addons\ofxMidi\src</Filter>
    </ClInclude>
    <ClInclude Include="..\..\..\addons\ofxMidi\src\ofxMidiConstants.h">
      <Filter>addons\ofxMidi\src</Filter>
    </ClInclude>
    <ClInclude Include="..\..\..\addons\ofxMidi\src\ofxMidiIn.h">
      <Filter>addons\ofxMidi\src</Filter>
    </ClInclude>
    <ClInclude Include="..\..\..\addons\ofxMidi\src\ofxMidiMessage.h">
      <Filter>addons\ofxMidi\src</Filter>
    </ClInclude>
    <ClInclude Include="..\..\..\addons\ofxMidi\src\ofxMidiOut.h">
      <Filter>addons\ofxMidi\src</Filter>
    </ClInclude>
    <ClInclude Include="..\..\..\addons\ofxMidi\src\ofxMidiTimecode.h">
      <Filter>addons\ofxMidi\src</Filter>
    </ClInclude>
    <ClInclude Include="..\..\..\addons\ofxMidi\src\ofxMidiTypes.h">
      <Filter>addons\ofxMidi\src</Filter>
    </ClInclude>
    <ClInclude Include="..\..\..\addons\ofxMidi\src\desktop\ofxRtMidiIn.h">
      <Filter>addons\ofxMidi\src\desktop</Filter>
    </ClInclude>
    <ClInclude Include="..\..\..\addons\ofxMidi\src\desktop\ofxRtMidiOut.h">
      <Filter>addons\ofxMidi\src\desktop</Filter>
    </ClInclude>
    <ClInclude Include="..\..\..\addons\ofxMidi\src\ios\ofxPGMidiContext.h">
      <Filter>addons\ofxMidi\src\ios</Filter>
    </ClInclude>
    <ClInclude Include="..\..\..\addons\ofxMidi\src\ios\ofxPGMidiDelegate.h">
      <Filter>addons\ofxMidi\src\ios</Filter>
    </ClInclude>
    <ClInclude Include="..\..\..\addons\ofxMidi\src\ios\ofxPGMidiIn.h">
      <Filter>addons\ofxMidi\src\ios</Filter>
    </ClInclude>
    <ClInclude Include="..\..\..\addons\ofxMidi\src\ios\ofxPGMidiOut.h">
      <Filter>addons\ofxMidi\src\ios</Filter>
    </ClInclude>
    <ClInclude Include="..\..\..\addons\ofxMidi\src\ios\ofxPGMidiSourceDelegate.h">
      <Filter>addons\ofxMidi\src\ios</Filter>
    </ClInclude>
    <ClInclude Include="..\..\..\addons\ofxMidi\libs\pgmidi\iOSVersionDetection.h">
      <Filter>addons\ofxMidi\libs\pgmidi</Filter>
    </ClInclude>
    <ClInclude Include="..\..\..\addons\ofxMidi\libs\pgmidi\PGArc.h">
      <Filter>addons\ofxMidi\libs\pgmidi</Filter>
    </ClInclude>
    <ClInclude Include="..\..\..\addons\ofxMidi\libs\pgmidi\PGMidi.h">
      <Filter>addons\ofxMidi\libs\pgmidi</Filter>
    </ClInclude>
    <ClInclude Include="..\..\..\addons\ofxMidi\libs\pgmidi\PGMidiAllSources.h">
      <Filter>addons\ofxMidi\libs\pgmidi</Filter>
    </ClInclude>
    <ClInclude Include="..\..\..\addons\ofxMidi\libs\pgmidi\PGMidiFind.h">
      <Filter>addons\ofxMidi\libs\pgmidi</Filter>
    </ClInclude>
    <ClInclude Include="..\..\..\addons\ofxMidi\libs\rtmidi\RtMidi.h">
      <Filter>addons\ofxMidi\libs\rtmidi</Filter>
    </ClInclude>
    <ClInclude Include="schema\codegen\node-graph.capnp.h">
      <Filter>src\schema\codegen</Filter>
    </ClInclude>
    <ClInclude Include="src\seam\containers\octree.h">
      <Filter>src\seam\containers</Filter>
    </ClInclude>
    <ClInclude Include="src\seam\nodes\fireflies.h">
      <Filter>src\seam\nodes</Filter>
    </ClInclude>
    <ClInclude Include="src\seam\nodes\feedback.h">
      <Filter>src\seam\nodes</Filter>
    </ClInclude>
    <ClInclude Include="src\seam\nodes\saw.h">
      <Filter>src\seam\nodes</Filter>
    </ClInclude>
    <ClInclude Include="src\seam\nodes\markov.h">
      <Filter>src\seam\nodes</Filter>
    </ClInclude>
    <ClInclude Include="src\seam\nodes\gate.h">
      <Filter>src\seam\nodes</Filter>
    </ClInclude>
  </ItemGroup>
  <ItemGroup>
    <ResourceCompile Include="icon.rc" />
  </ItemGroup>
</Project>